
Microsoft Visual Studio Solution File, Format Version 12.00
# Visual Studio Version 16
VisualStudioVersion = 16.0.29806.167
MinimumVisualStudioVersion = 10.0.40219.1
Project("{FAE04EC0-301F-11D3-BF4B-00C04F79EFBC}") = "WebGroupProject", "WebGroupProject.csproj", "{6A414AA5-AD73-48A7-BE87-3AE1D6A49069}"
EndProject
Project("{FAE04EC0-301F-11D3-BF4B-00C04F79EFBC}") = "JooleBLL", "..\JooleBLL\JooleBLL.csproj", "{AAEC10F1-097B-49DF-AF38-289E29845870}"
EndProject
Project("{FAE04EC0-301F-11D3-BF4B-00C04F79EFBC}") = "JooleDomain", "..\JooleDomain\JooleDomain.csproj", "{23856175-EAFB-4080-8DBF-0A466D5AB2E1}"
EndProject
Project("{FAE04EC0-301F-11D3-BF4B-00C04F79EFBC}") = "JooleDAL", "..\JooleDAL\JooleDAL.csproj", "{678D831A-34F9-4DD0-B774-BA07865D128D}"
EndProject
Global
	GlobalSection(SolutionConfigurationPlatforms) = preSolution
		Debug|Any CPU = Debug|Any CPU
		Release|Any CPU = Release|Any CPU
	EndGlobalSection
	GlobalSection(ProjectConfigurationPlatforms) = postSolution
		{6A414AA5-AD73-48A7-BE87-3AE1D6A49069}.Debug|Any CPU.ActiveCfg = Debug|Any CPU
		{6A414AA5-AD73-48A7-BE87-3AE1D6A49069}.Debug|Any CPU.Build.0 = Debug|Any CPU
		{6A414AA5-AD73-48A7-BE87-3AE1D6A49069}.Release|Any CPU.ActiveCfg = Release|Any CPU
		{6A414AA5-AD73-48A7-BE87-3AE1D6A49069}.Release|Any CPU.Build.0 = Release|Any CPU
		{AAEC10F1-097B-49DF-AF38-289E29845870}.Debug|Any CPU.ActiveCfg = Debug|Any CPU
		{AAEC10F1-097B-49DF-AF38-289E29845870}.Debug|Any CPU.Build.0 = Debug|Any CPU
		{AAEC10F1-097B-49DF-AF38-289E29845870}.Release|Any CPU.ActiveCfg = Release|Any CPU
		{AAEC10F1-097B-49DF-AF38-289E29845870}.Release|Any CPU.Build.0 = Release|Any CPU
		{23856175-EAFB-4080-8DBF-0A466D5AB2E1}.Debug|Any CPU.ActiveCfg = Debug|Any CPU
		{23856175-EAFB-4080-8DBF-0A466D5AB2E1}.Debug|Any CPU.Build.0 = Debug|Any CPU
		{23856175-EAFB-4080-8DBF-0A466D5AB2E1}.Release|Any CPU.ActiveCfg = Release|Any CPU
		{23856175-EAFB-4080-8DBF-0A466D5AB2E1}.Release|Any CPU.Build.0 = Release|Any CPU
		{678D831A-34F9-4DD0-B774-BA07865D128D}.Debug|Any CPU.ActiveCfg = Debug|Any CPU
		{678D831A-34F9-4DD0-B774-BA07865D128D}.Debug|Any CPU.Build.0 = Debug|Any CPU
		{678D831A-34F9-4DD0-B774-BA07865D128D}.Release|Any CPU.ActiveCfg = Release|Any CPU
		{678D831A-34F9-4DD0-B774-BA07865D128D}.Release|Any CPU.Build.0 = Release|Any CPU
	EndGlobalSection
	GlobalSection(SolutionProperties) = preSolution
		HideSolutionNode = FALSE
	EndGlobalSection
	GlobalSection(ExtensibilityGlobals) = postSolution
		SolutionGuid = {3AB5B27C-78DD-40BD-8135-E9D51A4A66C9}
	EndGlobalSection
EndGlobal
